<?xml version="1.0" encoding="utf-8"?>
<Project ToolsVersion="4.0" xmlns="http://schemas.microsoft.com/developer/msbuild/2003">
  <ItemGroup>
    <Filter Include="Header Files">
      <UniqueIdentifier>{bcc3e366-e022-4bb9-9648-3930837ee747}</UniqueIdentifier>
      <Extensions>h;hh;hpp;hxx;h++;hm;inl;inc;ipp;xsd</Extensions>
    </Filter>
    <Filter Include="Source Files">
      <UniqueIdentifier>{f06ad576-f96f-4f1e-84e2-18d7c3533311}</UniqueIdentifier>
      <Extensions>cpp;c;cc;cxx;c++;cppm;ixx;def;odl;idl;hpj;bat;asm;asmx</Extensions>
    </Filter>
  </ItemGroup>
  <ItemGroup>
    <ClInclude Include="ControlPacket.h">
      <Filter>Header Files</Filter>
    </ClInclude>
    <ClInclude Include="CorrespondHeader.h">
      <Filter>Header Files</Filter>
    </ClInclude>
    <ClInclude Include="CorrespondServer.h">
      <Filter>Header Files</Filter>
    </ClInclude>
    <ClInclude Include="GlobalInfoManager.h">
      <Filter>Header Files</Filter>
    </ClInclude>
    <ClInclude Include="InitParameter.h">
      <Filter>Header Files</Filter>
    </ClInclude>
    <ClInclude Include="ServiceUnits.h">
      <Filter>Header Files</Filter>
    </ClInclude>
    <ClInclude Include="DispatchEngineSink.h">
      <Filter>Header Files</Filter>
    </ClInclude>
  </ItemGroup>
  <ItemGroup>
    <ClCompile Include="CorrespondServer.cpp">
      <Filter>Source Files</Filter>
    </ClCompile>
    <ClCompile Include="GlobalInfoManager.cpp">
      <Filter>Source Files</Filter>
    </ClCompile>
    <ClCompile Include="InitParameter.cpp">
      <Filter>Source Files</Filter>
    </ClCompile>
    <ClCompile Include="main.cpp">
      <Filter>Source Files</Filter>
    </ClCompile>
    <ClCompile Include="ServiceUnits.cpp">
      <Filter>Source Files</Filter>
    </ClCompile>
    <ClCompile Include="DispatchEngineSink.cpp">
      <Filter>Source Files</Filter>
    </ClCompile>
  </ItemGroup>
</Project>