<?xml version="1.0" encoding="utf-8"?>
<Project ToolsVersion="4.0" xmlns="http://schemas.microsoft.com/developer/msbuild/2003">
  <ItemGroup>
    <Filter Include="Source Files">
      <UniqueIdentifier>{4FC737F1-C7A5-4376-A066-2A32D752A2FF}</UniqueIdentifier>
      <Extensions>cpp;c;cc;cxx;c++;cppm;ixx;def;odl;idl;hpj;bat;asm;asmx</Extensions>
    </Filter>
    <Filter Include="Header Files">
      <UniqueIdentifier>{93995380-89BD-4b04-88EB-625FBE52EBFB}</UniqueIdentifier>
      <Extensions>h;hh;hpp;hxx;h++;hm;inl;inc;ipp;xsd</Extensions>
    </Filter>
  </ItemGroup>
  <ItemGroup>
    <ClInclude Include="WHCommandLine.h">
      <Filter>Header Files</Filter>
    </ClInclude>
    <ClInclude Include="WHDataLocker.h">
      <Filter>Header Files</Filter>
    </ClInclude>
    <ClInclude Include="WHDataQueue.h">
      <Filter>Header Files</Filter>
    </ClInclude>
    <ClInclude Include="WHEncrypt.h">
      <Filter>Header Files</Filter>
    </ClInclude>
    <ClInclude Include="WHIniData.h">
      <Filter>Header Files</Filter>
    </ClInclude>
    <ClInclude Include="WHMD5CheckSum.h">
      <Filter>Header Files</Filter>
    </ClInclude>
    <ClInclude Include="WHService.h">
      <Filter>Header Files</Filter>
    </ClInclude>
    <ClInclude Include="WHSha1.h">
      <Filter>Header Files</Filter>
    </ClInclude>
    <ClInclude Include="WHThread.h">
      <Filter>Header Files</Filter>
    </ClInclude>
    <ClInclude Include="ServiceCoreHead.h">
      <Filter>Header Files</Filter>
    </ClInclude>
    <ClInclude Include="WHBase64.h">
      <Filter>Header Files</Filter>
    </ClInclude>
    <ClInclude Include="SimpleIni.h">
      <Filter>Header Files</Filter>
    </ClInclude>
    <ClInclude Include="ConvertUTF.h">
      <Filter>Header Files</Filter>
    </ClInclude>
    <ClInclude Include="StringUtils.h">
      <Filter>Header Files</Filter>
    </ClInclude>
    <ClInclude Include="cmdline.h">
      <Filter>Header Files</Filter>
    </ClInclude>
  </ItemGroup>
  <ItemGroup>
    <ClCompile Include="WHDataLocker.cpp">
      <Filter>Source Files</Filter>
    </ClCompile>
    <ClCompile Include="WHDataQueue.cpp">
      <Filter>Source Files</Filter>
    </ClCompile>
    <ClCompile Include="WHEncrypt.cpp">
      <Filter>Source Files</Filter>
    </ClCompile>
    <ClCompile Include="WHIniData.cpp">
      <Filter>Source Files</Filter>
    </ClCompile>
    <ClCompile Include="WHMD5CheckSum.cpp">
      <Filter>Source Files</Filter>
    </ClCompile>
    <ClCompile Include="WHService.cpp">
      <Filter>Source Files</Filter>
    </ClCompile>
    <ClCompile Include="WHSha1.cpp">
      <Filter>Source Files</Filter>
    </ClCompile>
    <ClCompile Include="WHThread.cpp">
      <Filter>Source Files</Filter>
    </ClCompile>
    <ClCompile Include="WHBase64.cpp">
      <Filter>Source Files</Filter>
    </ClCompile>
    <ClCompile Include="WHCommandLine.cpp">
      <Filter>Source Files</Filter>
    </ClCompile>
    <ClCompile Include="ConvertUTF.c">
      <Filter>Source Files</Filter>
    </ClCompile>
    <ClCompile Include="StringUtils.cpp">
      <Filter>Source Files</Filter>
    </ClCompile>
  </ItemGroup>
</Project>