<?xml version="1.0" encoding="utf-8"?>
<Project ToolsVersion="4.0" xmlns="http://schemas.microsoft.com/developer/msbuild/2003">
  <ItemGroup>
    <ClCompile Include="AndroidUserItem.cpp">
      <Filter>Source Files</Filter>
    </ClCompile>
    <ClCompile Include="AndroidUserManager.cpp">
      <Filter>Source Files</Filter>
    </ClCompile>
    <ClCompile Include="GamePropertyManager.cpp">
      <Filter>Source Files</Filter>
    </ClCompile>
    <ClCompile Include="ServerUserManager.cpp">
      <Filter>Source Files</Filter>
    </ClCompile>
    <ClCompile Include="UserTaskManager.cpp">
      <Filter>Source Files</Filter>
    </ClCompile>
  </ItemGroup>
  <ItemGroup>
    <ClInclude Include="AndroidUserItem.h">
      <Filter>Header Files</Filter>
    </ClInclude>
    <ClInclude Include="AndroidUserManager.h">
      <Filter>Header Files</Filter>
    </ClInclude>
    <ClInclude Include="GamePropertyManager.h">
      <Filter>Header Files</Filter>
    </ClInclude>
    <ClInclude Include="GameServiceHead.h">
      <Filter>Header Files</Filter>
    </ClInclude>
    <ClInclude Include="ServerUserManager.h">
      <Filter>Header Files</Filter>
    </ClInclude>
    <ClInclude Include="UserTaskManager.h">
      <Filter>Header Files</Filter>
    </ClInclude>
  </ItemGroup>
  <ItemGroup>
    <Filter Include="Header Files">
      <UniqueIdentifier>{1ec7dd89-b432-4432-9bc0-70381ff6dced}</UniqueIdentifier>
    </Filter>
    <Filter Include="Source Files">
      <UniqueIdentifier>{b19627ab-fd0a-497f-9041-456dc3b602d3}</UniqueIdentifier>
    </Filter>
  </ItemGroup>
</Project>